// !$*UTF8*$!
{
	archiveVersion = 1;
	classes = {
	};
	objectVersion = 56;
	objects = {

/* Begin PBXBuildFile section */
		24EC8BB42A0B064E0060BB2E /* NasaData.swift in Sources */ = {isa = PBXBuildFile; fileRef = 24EC8BB32A0B064E0060BB2E /* NasaData.swift */; };
		24EC8BB62A0B09D80060BB2E /* NasaServiceCall.swift in Sources */ = {isa = PBXBuildFile; fileRef = 24EC8BB52A0B09D80060BB2E /* NasaServiceCall.swift */; };
		24EC8BB82A0B0D770060BB2E /* NasaViewModel.swift in Sources */ = {isa = PBXBuildFile; fileRef = 24EC8BB72A0B0D770060BB2E /* NasaViewModel.swift */; };
		24EC8BBA2A0B240D0060BB2E /* SubView.swift in Sources */ = {isa = PBXBuildFile; fileRef = 24EC8BB92A0B240D0060BB2E /* SubView.swift */; };
		24FA97C72A0AFE24005079C9 /* NasaWorkdayApp.swift in Sources */ = {isa = PBXBuildFile; fileRef = 24FA97C62A0AFE24005079C9 /* NasaWorkdayApp.swift */; };
		24FA97C92A0AFE24005079C9 /* ContentView.swift in Sources */ = {isa = PBXBuildFile; fileRef = 24FA97C82A0AFE24005079C9 /* ContentView.swift */; };
		24FA97CB2A0AFE25005079C9 /* Assets.xcassets in Resources */ = {isa = PBXBuildFile; fileRef = 24FA97CA2A0AFE25005079C9 /* Assets.xcassets */; };
		24FA97CE2A0AFE25005079C9 /* Preview Assets.xcassets in Resources */ = {isa = PBXBuildFile; fileRef = 24FA97CD2A0AFE25005079C9 /* Preview Assets.xcassets */; };
		24FA97D82A0AFE25005079C9 /* NasaWorkdayTests.swift in Sources */ = {isa = PBXBuildFile; fileRef = 24FA97D72A0AFE25005079C9 /* NasaWorkdayTests.swift */; };
		24FA97E22A0AFE26005079C9 /* NasaWorkdayUITests.swift in Sources */ = {isa = PBXBuildFile; fileRef = 24FA97E12A0AFE26005079C9 /* NasaWorkdayUITests.swift */; };
		24FA97E42A0AFE26005079C9 /* NasaWorkdayUITestsLaunchTests.swift in Sources */ = {isa = PBXBuildFile; fileRef = 24FA97E32A0AFE26005079C9 /* NasaWorkdayUITestsLaunchTests.swift */; };
		5C2C0FF7E29DF2CF9B76D228 /* Pods_NasaWorkday.framework in Frameworks */ = {isa = PBXBuildFile; fileRef = 401E32EF4EDA48FFF8582A44 /* Pods_NasaWorkday.framework */; };
		5E36F393376C32DA2D5D78AD /* Pods_NasaWorkday_NasaWorkdayUITests.framework in Frameworks */ = {isa = PBXBuildFile; fileRef = 9A25265EBAA8464C07AEE218 /* Pods_NasaWorkday_NasaWorkdayUITests.framework */; };
		881A5C21D75A6F5CA4667615 /* Pods_NasaWorkdayTests.framework in Frameworks */ = {isa = PBXBuildFile; fileRef = 0D64B7B74B79400EEE65645F /* Pods_NasaWorkdayTests.framework */; };
/* End PBXBuildFile section */

/* Begin PBXContainerItemProxy section */
		24FA97D42A0AFE25005079C9 /* PBXContainerItemProxy */ = {
			isa = PBXContainerItemProxy;
			containerPortal = 24FA97BB2A0AFE24005079C9 /* Project object */;
			proxyType = 1;
			remoteGlobalIDString = 24FA97C22A0AFE24005079C9;
			remoteInfo = NasaWorkday;
		};
		24FA97DE2A0AFE26005079C9 /* PBXContainerItemProxy */ = {
			isa = PBXContainerItemProxy;
			containerPortal = 24FA97BB2A0AFE24005079C9 /* Project object */;
			proxyType = 1;
			remoteGlobalIDString = 24FA97C22A0AFE24005079C9;
			remoteInfo = NasaWorkday;
		};
/* End PBXContainerItemProxy section */

/* Begin PBXFileReference section */
		0397129EFB5CDD8323878101 /* Pods-NasaWorkday.release.xcconfig */ = {isa = PBXFileReference; includeInIndex = 1; lastKnownFileType = text.xcconfig; name = "Pods-NasaWorkday.release.xcconfig"; path = "Target Support Files/Pods-NasaWorkday/Pods-NasaWorkday.release.xcconfig"; sourceTree = "<group>"; };
		0D64B7B74B79400EEE65645F /* Pods_NasaWorkdayTests.framework */ = {isa = PBXFileReference; explicitFileType = wrapper.framework; includeInIndex = 0; path = Pods_NasaWorkdayTests.framework; sourceTree = BUILT_PRODUCTS_DIR; };
		24EC8BB32A0B064E0060BB2E /* NasaData.swift */ = {isa = PBXFileReference; lastKnownFileType = sourcecode.swift; path = NasaData.swift; sourceTree = "<group>"; };
		24EC8BB52A0B09D80060BB2E /* NasaServiceCall.swift */ = {isa = PBXFileReference; lastKnownFileType = sourcecode.swift; path = NasaServiceCall.swift; sourceTree = "<group>"; };
		24EC8BB72A0B0D770060BB2E /* NasaViewModel.swift */ = {isa = PBXFileReference; lastKnownFileType = sourcecode.swift; path = NasaViewModel.swift; sourceTree = "<group>"; };
		24EC8BB92A0B240D0060BB2E /* SubView.swift */ = {isa = PBXFileReference; lastKnownFileType = sourcecode.swift; path = SubView.swift; sourceTree = "<group>"; };
		24FA97C32A0AFE24005079C9 /* NasaWorkday.app */ = {isa = PBXFileReference; explicitFileType = wrapper.application; includeInIndex = 0; path = NasaWorkday.app; sourceTree = BUILT_PRODUCTS_DIR; };
		24FA97C62A0AFE24005079C9 /* NasaWorkdayApp.swift */ = {isa = PBXFileReference; lastKnownFileType = sourcecode.swift; path = NasaWorkdayApp.swift; sourceTree = "<group>"; };
		24FA97C82A0AFE24005079C9 /* ContentView.swift */ = {isa = PBXFileReference; lastKnownFileType = sourcecode.swift; path = ContentView.swift; sourceTree = "<group>"; };
		24FA97CA2A0AFE25005079C9 /* Assets.xcassets */ = {isa = PBXFileReference; lastKnownFileType = folder.assetcatalog; path = Assets.xcassets; sourceTree = "<group>"; };
		24FA97CD2A0AFE25005079C9 /* Preview Assets.xcassets */ = {isa = PBXFileReference; lastKnownFileType = folder.assetcatalog; path = "Preview Assets.xcassets"; sourceTree = "<group>"; };
		24FA97D32A0AFE25005079C9 /* NasaWorkdayTests.xctest */ = {isa = PBXFileReference; explicitFileType = wrapper.cfbundle; includeInIndex = 0; path = NasaWorkdayTests.xctest; sourceTree = BUILT_PRODUCTS_DIR; };
		24FA97D72A0AFE25005079C9 /* NasaWorkdayTests.swift */ = {isa = PBXFileReference; lastKnownFileType = sourcecode.swift; path = NasaWorkdayTests.swift; sourceTree = "<group>"; };
		24FA97DD2A0AFE26005079C9 /* NasaWorkdayUITests.xctest */ = {isa = PBXFileReference; explicitFileType = wrapper.cfbundle; includeInIndex = 0; path = NasaWorkdayUITests.xctest; sourceTree = BUILT_PRODUCTS_DIR; };
		24FA97E12A0AFE26005079C9 /* NasaWorkdayUITests.swift */ = {isa = PBXFileReference; lastKnownFileType = sourcecode.swift; path = NasaWorkdayUITests.swift; sourceTree = "<group>"; };
		24FA97E32A0AFE26005079C9 /* NasaWorkdayUITestsLaunchTests.swift */ = {isa = PBXFileReference; lastKnownFileType = sourcecode.swift; path = NasaWorkdayUITestsLaunchTests.swift; sourceTree = "<group>"; };
		3C4664708900E9BAC05D4813 /* Pods-NasaWorkdayTests.release.xcconfig */ = {isa = PBXFileReference; includeInIndex = 1; lastKnownFileType = text.xcconfig; name = "Pods-NasaWorkdayTests.release.xcconfig"; path = "Target Support Files/Pods-NasaWorkdayTests/Pods-NasaWorkdayTests.release.xcconfig"; sourceTree = "<group>"; };
		401E32EF4EDA48FFF8582A44 /* Pods_NasaWorkday.framework */ = {isa = PBXFileReference; explicitFileType = wrapper.framework; includeInIndex = 0; path = Pods_NasaWorkday.framework; sourceTree = BUILT_PRODUCTS_DIR; };
		4C278C3E17261B926D46B8B6 /* Pods-NasaWorkday.debug.xcconfig */ = {isa = PBXFileReference; includeInIndex = 1; lastKnownFileType = text.xcconfig; name = "Pods-NasaWorkday.debug.xcconfig"; path = "Target Support Files/Pods-NasaWorkday/Pods-NasaWorkday.debug.xcconfig"; sourceTree = "<group>"; };
		8BB735692A7E981A5DD75691 /* Pods-NasaWorkday-NasaWorkdayUITests.release.xcconfig */ = {isa = PBXFileReference; includeInIndex = 1; lastKnownFileType = text.xcconfig; name = "Pods-NasaWorkday-NasaWorkdayUITests.release.xcconfig"; path = "Target Support Files/Pods-NasaWorkday-NasaWorkdayUITests/Pods-NasaWorkday-NasaWorkdayUITests.release.xcconfig"; sourceTree = "<group>"; };
		9A25265EBAA8464C07AEE218 /* Pods_NasaWorkday_NasaWorkdayUITests.framework */ = {isa = PBXFileReference; explicitFileType = wrapper.framework; includeInIndex = 0; path = Pods_NasaWorkday_NasaWorkdayUITests.framework; sourceTree = BUILT_PRODUCTS_DIR; };
		ABCFA15C59B4FD5C0EC89CFF /* Pods-NasaWorkday-NasaWorkdayUITests.debug.xcconfig */ = {isa = PBXFileReference; includeInIndex = 1; lastKnownFileType = text.xcconfig; name = "Pods-NasaWorkday-NasaWorkdayUITests.debug.xcconfig"; path = "Target Support Files/Pods-NasaWorkday-NasaWorkdayUITests/Pods-NasaWorkday-NasaWorkdayUITests.debug.xcconfig"; sourceTree = "<group>"; };
		E1406F0D0AB244CE4E03A9E7 /* Pods-NasaWorkdayTests.debug.xcconfig */ = {isa = PBXFileReference; includeInIndex = 1; lastKnownFileType = text.xcconfig; name = "Pods-NasaWorkdayTests.debug.xcconfig"; path = "Target Support Files/Pods-NasaWorkdayTests/Pods-NasaWorkdayTests.debug.xcconfig"; sourceTree = "<group>"; };
/* End PBXFileReference section */

/* Begin PBXFrameworksBuildPhase section */
		24FA97C02A0AFE24005079C9 /* Frameworks */ = {
			isa = PBXFrameworksBuildPhase;
			buildActionMask = 2147483647;
			files = (
				5C2C0FF7E29DF2CF9B76D228 /* Pods_NasaWorkday.framework in Frameworks */,
			);
			runOnlyForDeploymentPostprocessing = 0;
		};
		24FA97D02A0AFE25005079C9 /* Frameworks */ = {
			isa = PBXFrameworksBuildPhase;
			buildActionMask = 2147483647;
			files = (
				881A5C21D75A6F5CA4667615 /* Pods_NasaWorkdayTests.framework in Frameworks */,
			);
			runOnlyForDeploymentPostprocessing = 0;
		};
		24FA97DA2A0AFE26005079C9 /* Frameworks */ = {
			isa = PBXFrameworksBuildPhase;
			buildActionMask = 2147483647;
			files = (
				5E36F393376C32DA2D5D78AD /* Pods_NasaWorkday_NasaWorkdayUITests.framework in Frameworks */,
			);
			runOnlyForDeploymentPostprocessing = 0;
		};
/* End PBXFrameworksBuildPhase section */

/* Begin PBXGroup section */
		24FA97BA2A0AFE24005079C9 = {
			isa = PBXGroup;
			children = (
				24FA97C52A0AFE24005079C9 /* NasaWorkday */,
				24FA97D62A0AFE25005079C9 /* NasaWorkdayTests */,
				24FA97E02A0AFE26005079C9 /* NasaWorkdayUITests */,
				24FA97C42A0AFE24005079C9 /* Products */,
				495099EF3397B50FFE7B6146 /* Pods */,
				E57B3E6245E38A7141932D60 /* Frameworks */,
			);
			sourceTree = "<group>";
		};
		24FA97C42A0AFE24005079C9 /* Products */ = {
			isa = PBXGroup;
			children = (
				24FA97C32A0AFE24005079C9 /* NasaWorkday.app */,
				24FA97D32A0AFE25005079C9 /* NasaWorkdayTests.xctest */,
				24FA97DD2A0AFE26005079C9 /* NasaWorkdayUITests.xctest */,
			);
			name = Products;
			sourceTree = "<group>";
		};
		24FA97C52A0AFE24005079C9 /* NasaWorkday */ = {
			isa = PBXGroup;
			children = (
				24FA97F02A0AFED1005079C9 /* Network */,
				24FA97F22A0AFF02005079C9 /* Model */,
				24FA97F32A0AFF09005079C9 /* View */,
				24FA97F12A0AFEF5005079C9 /* ViewModel */,
				24FA97C62A0AFE24005079C9 /* NasaWorkdayApp.swift */,
				24FA97CA2A0AFE25005079C9 /* Assets.xcassets */,
				24FA97CC2A0AFE25005079C9 /* Preview Content */,
			);
			path = NasaWorkday;
			sourceTree = "<group>";
		};
		24FA97CC2A0AFE25005079C9 /* Preview Content */ = {
			isa = PBXGroup;
			children = (
				24FA97CD2A0AFE25005079C9 /* Preview Assets.xcassets */,
			);
			path = "Preview Content";
			sourceTree = "<group>";
		};
		24FA97D62A0AFE25005079C9 /* NasaWorkdayTests */ = {
			isa = PBXGroup;
			children = (
				24FA97D72A0AFE25005079C9 /* NasaWorkdayTests.swift */,
			);
			path = NasaWorkdayTests;
			sourceTree = "<group>";
		};
		24FA97E02A0AFE26005079C9 /* NasaWorkdayUITests */ = {
			isa = PBXGroup;
			children = (
				24FA97E12A0AFE26005079C9 /* NasaWorkdayUITests.swift */,
				24FA97E32A0AFE26005079C9 /* NasaWorkdayUITestsLaunchTests.swift */,
			);
			path = NasaWorkdayUITests;
			sourceTree = "<group>";
		};
		24FA97F02A0AFED1005079C9 /* Network */ = {
			isa = PBXGroup;
			children = (
				24EC8BB52A0B09D80060BB2E /* NasaServiceCall.swift */,
			);
			path = Network;
			sourceTree = "<group>";
		};
		24FA97F12A0AFEF5005079C9 /* ViewModel */ = {
			isa = PBXGroup;
			children = (
				24EC8BB72A0B0D770060BB2E /* NasaViewModel.swift */,
			);
			path = ViewModel;
			sourceTree = "<group>";
		};
		24FA97F22A0AFF02005079C9 /* Model */ = {
			isa = PBXGroup;
			children = (
				24EC8BB32A0B064E0060BB2E /* NasaData.swift */,
			);
			path = Model;
			sourceTree = "<group>";
		};
		24FA97F32A0AFF09005079C9 /* View */ = {
			isa = PBXGroup;
			children = (
				24FA97C82A0AFE24005079C9 /* ContentView.swift */,
				24EC8BB92A0B240D0060BB2E /* SubView.swift */,
			);
			path = View;
			sourceTree = "<group>";
		};
		495099EF3397B50FFE7B6146 /* Pods */ = {
			isa = PBXGroup;
			children = (
				4C278C3E17261B926D46B8B6 /* Pods-NasaWorkday.debug.xcconfig */,
				0397129EFB5CDD8323878101 /* Pods-NasaWorkday.release.xcconfig */,
				ABCFA15C59B4FD5C0EC89CFF /* Pods-NasaWorkday-NasaWorkdayUITests.debug.xcconfig */,
				8BB735692A7E981A5DD75691 /* Pods-NasaWorkday-NasaWorkdayUITests.release.xcconfig */,
				E1406F0D0AB244CE4E03A9E7 /* Pods-NasaWorkdayTests.debug.xcconfig */,
				3C4664708900E9BAC05D4813 /* Pods-NasaWorkdayTests.release.xcconfig */,
			);
			path = Pods;
			sourceTree = "<group>";
		};
		E57B3E6245E38A7141932D60 /* Frameworks */ = {
			isa = PBXGroup;
			children = (
				401E32EF4EDA48FFF8582A44 /* Pods_NasaWorkday.framework */,
				9A25265EBAA8464C07AEE218 /* Pods_NasaWorkday_NasaWorkdayUITests.framework */,
				0D64B7B74B79400EEE65645F /* Pods_NasaWorkdayTests.framework */,
			);
			name = Frameworks;
			sourceTree = "<group>";
		};
/* End PBXGroup section */

/* Begin PBXNativeTarget section */
		24FA97C22A0AFE24005079C9 /* NasaWorkday */ = {
			isa = PBXNativeTarget;
			buildConfigurationList = 24FA97E72A0AFE26005079C9 /* Build configuration list for PBXNativeTarget "NasaWorkday" */;
			buildPhases = (
				F59BDC5484F8B9B3FCC10A6D /* [CP] Check Pods Manifest.lock */,
				24FA97BF2A0AFE24005079C9 /* Sources */,
				24FA97C02A0AFE24005079C9 /* Frameworks */,
				24FA97C12A0AFE24005079C9 /* Resources */,
				24FA97F42A0AFF71005079C9 /* ShellScript */,
				7D650A358A73DC35C5E310CC /* [CP] Embed Pods Frameworks */,
			);
			buildRules = (
			);
			dependencies = (
			);
			name = NasaWorkday;
			productName = NasaWorkday;
			productReference = 24FA97C32A0AFE24005079C9 /* NasaWorkday.app */;
			productType = "com.apple.product-type.application";
		};
		24FA97D22A0AFE25005079C9 /* NasaWorkdayTests */ = {
			isa = PBXNativeTarget;
			buildConfigurationList = 24FA97EA2A0AFE26005079C9 /* Build configuration list for PBXNativeTarget "NasaWorkdayTests" */;
			buildPhases = (
				24F45B787E59619ED44B446F /* [CP] Check Pods Manifest.lock */,
				24FA97CF2A0AFE25005079C9 /* Sources */,
				24FA97D02A0AFE25005079C9 /* Frameworks */,
				24FA97D12A0AFE25005079C9 /* Resources */,
			);
			buildRules = (
			);
			dependencies = (
				24FA97D52A0AFE25005079C9 /* PBXTargetDependency */,
			);
			name = NasaWorkdayTests;
			productName = NasaWorkdayTests;
			productReference = 24FA97D32A0AFE25005079C9 /* NasaWorkdayTests.xctest */;
			productType = "com.apple.product-type.bundle.unit-test";
		};
		24FA97DC2A0AFE26005079C9 /* NasaWorkdayUITests */ = {
			isa = PBXNativeTarget;
			buildConfigurationList = 24FA97ED2A0AFE26005079C9 /* Build configuration list for PBXNativeTarget "NasaWorkdayUITests" */;
			buildPhases = (
				5C4416461BD4D28378852D89 /* [CP] Check Pods Manifest.lock */,
				24FA97D92A0AFE26005079C9 /* Sources */,
				24FA97DA2A0AFE26005079C9 /* Frameworks */,
				24FA97DB2A0AFE26005079C9 /* Resources */,
				CFB772D38A188A0BA104B905 /* [CP] Embed Pods Frameworks */,
			);
			buildRules = (
			);
			dependencies = (
				24FA97DF2A0AFE26005079C9 /* PBXTargetDependency */,
			);
			name = NasaWorkdayUITests;
			productName = NasaWorkdayUITests;
			productReference = 24FA97DD2A0AFE26005079C9 /* NasaWorkdayUITests.xctest */;
			productType = "com.apple.product-type.bundle.ui-testing";
		};
/* End PBXNativeTarget section */

/* Begin PBXProject section */
		24FA97BB2A0AFE24005079C9 /* Project object */ = {
			isa = PBXProject;
			attributes = {
				BuildIndependentTargetsInParallel = 1;
				LastSwiftUpdateCheck = 1430;
				LastUpgradeCheck = 1430;
				TargetAttributes = {
					24FA97C22A0AFE24005079C9 = {
						CreatedOnToolsVersion = 14.3;
					};
					24FA97D22A0AFE25005079C9 = {
						CreatedOnToolsVersion = 14.3;
						TestTargetID = 24FA97C22A0AFE24005079C9;
					};
					24FA97DC2A0AFE26005079C9 = {
						CreatedOnToolsVersion = 14.3;
						TestTargetID = 24FA97C22A0AFE24005079C9;
					};
				};
			};
			buildConfigurationList = 24FA97BE2A0AFE24005079C9 /* Build configuration list for PBXProject "NasaWorkday" */;
			compatibilityVersion = "Xcode 14.0";
			developmentRegion = en;
			hasScannedForEncodings = 0;
			knownRegions = (
				en,
				Base,
			);
			mainGroup = 24FA97BA2A0AFE24005079C9;
			productRefGroup = 24FA97C42A0AFE24005079C9 /* Products */;
			projectDirPath = "";
			projectRoot = "";
			targets = (
				24FA97C22A0AFE24005079C9 /* NasaWorkday */,
				24FA97D22A0AFE25005079C9 /* NasaWorkdayTests */,
				24FA97DC2A0AFE26005079C9 /* NasaWorkdayUITests */,
			);
		};
/* End PBXProject section */

/* Begin PBXResourcesBuildPhase section */
		24FA97C12A0AFE24005079C9 /* Resources */ = {
			isa = PBXResourcesBuildPhase;
			buildActionMask = 2147483647;
			files = (
				24FA97CE2A0AFE25005079C9 /* Preview Assets.xcassets in Resources */,
				24FA97CB2A0AFE25005079C9 /* Assets.xcassets in Resources */,
			);
			runOnlyForDeploymentPostprocessing = 0;
		};
		24FA97D12A0AFE25005079C9 /* Resources */ = {
			isa = PBXResourcesBuildPhase;
			buildActionMask = 2147483647;
			files = (
			);
			runOnlyForDeploymentPostprocessing = 0;
		};
		24FA97DB2A0AFE26005079C9 /* Resources */ = {
			isa = PBXResourcesBuildPhase;
			buildActionMask = 2147483647;
			files = (
			);
			runOnlyForDeploymentPostprocessing = 0;
		};
/* End PBXResourcesBuildPhase section */

/* Begin PBXShellScriptBuildPhase section */
		24F45B787E59619ED44B446F /* [CP] Check Pods Manifest.lock */ = {
			isa = PBXShellScriptBuildPhase;
			buildActionMask = 2147483647;
			files = (
			);
			inputFileListPaths = (
			);
			inputPaths = (
				"${PODS_PODFILE_DIR_PATH}/Podfile.lock",
				"${PODS_ROOT}/Manifest.lock",
			);
			name = "[CP] Check Pods Manifest.lock";
			outputFileListPaths = (
			);
			outputPaths = (
				"$(DERIVED_FILE_DIR)/Pods-NasaWorkdayTests-checkManifestLockResult.txt",
			);
			runOnlyForDeploymentPostprocessing = 0;
			shellPath = /bin/sh;
			shellScript = "diff \"${PODS_PODFILE_DIR_PATH}/Podfile.lock\" \"${PODS_ROOT}/Manifest.lock\" > /dev/null\nif [ $? != 0 ] ; then\n    # print error to STDERR\n    echo \"error: The sandbox is not in sync with the Podfile.lock. Run 'pod install' or update your CocoaPods installation.\" >&2\n    exit 1\nfi\n# This output is used by Xcode 'outputs' to avoid re-running this script phase.\necho \"SUCCESS\" > \"${SCRIPT_OUTPUT_FILE_0}\"\n";
			showEnvVarsInLog = 0;
		};
		24FA97F42A0AFF71005079C9 /* ShellScript */ = {
			isa = PBXShellScriptBuildPhase;
			alwaysOutOfDate = 1;
			buildActionMask = 2147483647;
			files = (
			);
			inputFileListPaths = (
			);
			inputPaths = (
			);
			outputFileListPaths = (
			);
			outputPaths = (
			);
			runOnlyForDeploymentPostprocessing = 0;
			shellPath = /bin/sh;
			shellScript = "if [[ \"$(uname -m)\" == arm64 ]]; then\n    export PATH=\"/opt/homebrew/bin:$PATH\"\nfi\n\nif which swiftlint > /dev/null; then\n  swiftlint\nelse\n  echo \"warning: SwiftLint not installed, download from https://github.com/realm/SwiftLint\"\nfi\n";
			showEnvVarsInLog = 0;
		};
		5C4416461BD4D28378852D89 /* [CP] Check Pods Manifest.lock */ = {
			isa = PBXShellScriptBuildPhase;
			buildActionMask = 2147483647;
			files = (
			);
			inputFileListPaths = (
			);
			inputPaths = (
				"${PODS_PODFILE_DIR_PATH}/Podfile.lock",
				"${PODS_ROOT}/Manifest.lock",
			);
			name = "[CP] Check Pods Manifest.lock";
			outputFileListPaths = (
			);
			outputPaths = (
				"$(DERIVED_FILE_DIR)/Pods-NasaWorkday-NasaWorkdayUITests-checkManifestLockResult.txt",
			);
			runOnlyForDeploymentPostprocessing = 0;
			shellPath = /bin/sh;
			shellScript = "diff \"${PODS_PODFILE_DIR_PATH}/Podfile.lock\" \"${PODS_ROOT}/Manifest.lock\" > /dev/null\nif [ $? != 0 ] ; then\n    # print error to STDERR\n    echo \"error: The sandbox is not in sync with the Podfile.lock. Run 'pod install' or update your CocoaPods installation.\" >&2\n    exit 1\nfi\n# This output is used by Xcode 'outputs' to avoid re-running this script phase.\necho \"SUCCESS\" > \"${SCRIPT_OUTPUT_FILE_0}\"\n";
			showEnvVarsInLog = 0;
		};
		7D650A358A73DC35C5E310CC /* [CP] Embed Pods Frameworks */ = {
			isa = PBXShellScriptBuildPhase;
			buildActionMask = 2147483647;
			files = (
			);
			inputFileListPaths = (
				"${PODS_ROOT}/Target Support Files/Pods-NasaWorkday/Pods-NasaWorkday-frameworks-${CONFIGURATION}-input-files.xcfilelist",
			);
			name = "[CP] Embed Pods Frameworks";
			outputFileListPaths = (
				"${PODS_ROOT}/Target Support Files/Pods-NasaWorkday/Pods-NasaWorkday-frameworks-${CONFIGURATION}-output-files.xcfilelist",
			);
			runOnlyForDeploymentPostprocessing = 0;
			shellPath = /bin/sh;
			shellScript = "\"${PODS_ROOT}/Target Support Files/Pods-NasaWorkday/Pods-NasaWorkday-frameworks.sh\"\n";
			showEnvVarsInLog = 0;
		};
		CFB772D38A188A0BA104B905 /* [CP] Embed Pods Frameworks */ = {
			isa = PBXShellScriptBuildPhase;
			buildActionMask = 2147483647;
			files = (
			);
			inputFileListPaths = (
				"${PODS_ROOT}/Target Support Files/Pods-NasaWorkday-NasaWorkdayUITests/Pods-NasaWorkday-NasaWorkdayUITests-frameworks-${CONFIGURATION}-input-files.xcfilelist",
			);
			name = "[CP] Embed Pods Frameworks";
			outputFileListPaths = (
				"${PODS_ROOT}/Target Support Files/Pods-NasaWorkday-NasaWorkdayUITests/Pods-NasaWorkday-NasaWorkdayUITests-frameworks-${CONFIGURATION}-output-files.xcfilelist",
			);
			runOnlyForDeploymentPostprocessing = 0;
			shellPath = /bin/sh;
			shellScript = "\"${PODS_ROOT}/Target Support Files/Pods-NasaWorkday-NasaWorkdayUITests/Pods-NasaWorkday-NasaWorkdayUITests-frameworks.sh\"\n";
			showEnvVarsInLog = 0;
		};
		F59BDC5484F8B9B3FCC10A6D /* [CP] Check Pods Manifest.lock */ = {
			isa = PBXShellScriptBuildPhase;
			buildActionMask = 2147483647;
			files = (
			);
			inputFileListPaths = (
			);
			inputPaths = (
				"${PODS_PODFILE_DIR_PATH}/Podfile.lock",
				"${PODS_ROOT}/Manifest.lock",
			);
			name = "[CP] Check Pods Manifest.lock";
			outputFileListPaths = (
			);
			outputPaths = (
				"$(DERIVED_FILE_DIR)/Pods-NasaWorkday-checkManifestLockResult.txt",
			);
			runOnlyForDeploymentPostprocessing = 0;
			shellPath = /bin/sh;
			shellScript = "diff \"${PODS_PODFILE_DIR_PATH}/Podfile.lock\" \"${PODS_ROOT}/Manifest.lock\" > /dev/null\nif [ $? != 0 ] ; then\n    # print error to STDERR\n    echo \"error: The sandbox is not in sync with the Podfile.lock. Run 'pod install' or update your CocoaPods installation.\" >&2\n    exit 1\nfi\n# This output is used by Xcode 'outputs' to avoid re-running this script phase.\necho \"SUCCESS\" > \"${SCRIPT_OUTPUT_FILE_0}\"\n";
			showEnvVarsInLog = 0;
		};
/* End PBXShellScriptBuildPhase section */

/* Begin PBXSourcesBuildPhase section */
		24FA97BF2A0AFE24005079C9 /* Sources */ = {
			isa = PBXSourcesBuildPhase;
			buildActionMask = 2147483647;
			files = (
				24EC8BB62A0B09D80060BB2E /* NasaServiceCall.swift in Sources */,
				24EC8BB82A0B0D770060BB2E /* NasaViewModel.swift in Sources */,
				24FA97C92A0AFE24005079C9 /* ContentView.swift in Sources */,
				24EC8BBA2A0B240D0060BB2E /* SubView.swift in Sources */,
				24EC8BB42A0B064E0060BB2E /* NasaData.swift in Sources */,
				24FA97C72A0AFE24005079C9 /* NasaWorkdayApp.swift in Sources */,
			);
			runOnlyForDeploymentPostprocessing = 0;
		};
		24FA97CF2A0AFE25005079C9 /* Sources */ = {
			isa = PBXSourcesBuildPhase;
			buildActionMask = 2147483647;
			files = (
				24FA97D82A0AFE25005079C9 /* NasaWorkdayTests.swift in Sources */,
			);
			runOnlyForDeploymentPostprocessing = 0;
		};
		24FA97D92A0AFE26005079C9 /* Sources */ = {
			isa = PBXSourcesBuildPhase;
			buildActionMask = 2147483647;
			files = (
				24FA97E22A0AFE26005079C9 /* NasaWorkdayUITests.swift in Sources */,
				24FA97E42A0AFE26005079C9 /* NasaWorkdayUITestsLaunchTests.swift in Sources */,
			);
			runOnlyForDeploymentPostprocessing = 0;
		};
/* End PBXSourcesBuildPhase section */

/* Begin PBXTargetDependency section */
		24FA97D52A0AFE25005079C9 /* PBXTargetDependency */ = {
			isa = PBXTargetDependency;
			target = 24FA97C22A0AFE24005079C9 /* NasaWorkday */;
			targetProxy = 24FA97D42A0AFE25005079C9 /* PBXContainerItemProxy */;
		};
		24FA97DF2A0AFE26005079C9 /* PBXTargetDependency */ = {
			isa = PBXTargetDependency;
			target = 24FA97C22A0AFE24005079C9 /* NasaWorkday */;
			targetProxy = 24FA97DE2A0AFE26005079C9 /* PBXContainerItemProxy */;
		};
/* End PBXTargetDependency section */

/* Begin XCBuildConfiguration section */
		24FA97E52A0AFE26005079C9 /* Debug */ = {
			isa = XCBuildConfiguration;
			buildSettings = {
				ALWAYS_SEARCH_USER_PATHS = NO;
				CLANG_ANALYZER_NONNULL = YES;
				CLANG_ANALYZER_NUMBER_OBJECT_CONVERSION = YES_AGGRESSIVE;
				CLANG_CXX_LANGUAGE_STANDARD = "gnu++20";
				CLANG_ENABLE_MODULES = YES;
				CLANG_ENABLE_OBJC_ARC = YES;
				CLANG_ENABLE_OBJC_WEAK = YES;
				CLANG_WARN_BLOCK_CAPTURE_AUTORELEASING = YES;
				CLANG_WARN_BOOL_CONVERSION = YES;
				CLANG_WARN_COMMA = YES;
				CLANG_WARN_CONSTANT_CONVERSION = YES;
				CLANG_WARN_DEPRECATED_OBJC_IMPLEMENTATIONS = YES;
				CLANG_WARN_DIRECT_OBJC_ISA_USAGE = YES_ERROR;
				CLANG_WARN_DOCUMENTATION_COMMENTS = YES;
				CLANG_WARN_EMPTY_BODY = YES;
				CLANG_WARN_ENUM_CONVERSION = YES;
				CLANG_WARN_INFINITE_RECURSION = YES;
				CLANG_WARN_INT_CONVERSION = YES;
				CLANG_WARN_NON_LITERAL_NULL_CONVERSION = YES;
				CLANG_WARN_OBJC_IMPLICIT_RETAIN_SELF = YES;
				CLANG_WARN_OBJC_LITERAL_CONVERSION = YES;
				CLANG_WARN_OBJC_ROOT_CLASS = YES_ERROR;
				CLANG_WARN_QUOTED_INCLUDE_IN_FRAMEWORK_HEADER = YES;
				CLANG_WARN_RANGE_LOOP_ANALYSIS = YES;
				CLANG_WARN_STRICT_PROTOTYPES = YES;
				CLANG_WARN_SUSPICIOUS_MOVE = YES;
				CLANG_WARN_UNGUARDED_AVAILABILITY = YES_AGGRESSIVE;
				CLANG_WARN_UNREACHABLE_CODE = YES;
				CLANG_WARN__DUPLICATE_METHOD_MATCH = YES;
				COPY_PHASE_STRIP = NO;
				DEBUG_INFORMATION_FORMAT = dwarf;
				ENABLE_STRICT_OBJC_MSGSEND = YES;
				ENABLE_TESTABILITY = YES;
				GCC_C_LANGUAGE_STANDARD = gnu11;
				GCC_DYNAMIC_NO_PIC = NO;
				GCC_NO_COMMON_BLOCKS = YES;
				GCC_OPTIMIZATION_LEVEL = 0;
				GCC_PREPROCESSOR_DEFINITIONS = (
					"DEBUG=1",
					"$(inherited)",
				);
				GCC_WARN_64_TO_32_BIT_CONVERSION = YES;
				GCC_WARN_ABOUT_RETURN_TYPE = YES_ERROR;
				GCC_WARN_UNDECLARED_SELECTOR = YES;
				GCC_WARN_UNINITIALIZED_AUTOS = YES_AGGRESSIVE;
				GCC_WARN_UNUSED_FUNCTION = YES;
				GCC_WARN_UNUSED_VARIABLE = YES;
				IPHONEOS_DEPLOYMENT_TARGET = 16.4;
				MTL_ENABLE_DEBUG_INFO = INCLUDE_SOURCE;
				MTL_FAST_MATH = YES;
				ONLY_ACTIVE_ARCH = YES;
				SDKROOT = iphoneos;
				SWIFT_ACTIVE_COMPILATION_CONDITIONS = DEBUG;
				SWIFT_OPTIMIZATION_LEVEL = "-Onone";
			};
			name = Debug;
		};
		24FA97E62A0AFE26005079C9 /* Release */ = {
			isa = XCBuildConfiguration;
			buildSettings = {
				ALWAYS_SEARCH_USER_PATHS = NO;
				CLANG_ANALYZER_NONNULL = YES;
				CLANG_ANALYZER_NUMBER_OBJECT_CONVERSION = YES_AGGRESSIVE;
				CLANG_CXX_LANGUAGE_STANDARD = "gnu++20";
				CLANG_ENABLE_MODULES = YES;
				CLANG_ENABLE_OBJC_ARC = YES;
				CLANG_ENABLE_OBJC_WEAK = YES;
				CLANG_WARN_BLOCK_CAPTURE_AUTORELEASING = YES;
				CLANG_WARN_BOOL_CONVERSION = YES;
				CLANG_WARN_COMMA = YES;
				CLANG_WARN_CONSTANT_CONVERSION = YES;
				CLANG_WARN_DEPRECATED_OBJC_IMPLEMENTATIONS = YES;
				CLANG_WARN_DIRECT_OBJC_ISA_USAGE = YES_ERROR;
				CLANG_WARN_DOCUMENTATION_COMMENTS = YES;
				CLANG_WARN_EMPTY_BODY = YES;
				CLANG_WARN_ENUM_CONVERSION = YES;
				CLANG_WARN_INFINITE_RECURSION = YES;
				CLANG_WARN_INT_CONVERSION = YES;
				CLANG_WARN_NON_LITERAL_NULL_CONVERSION = YES;
				CLANG_WARN_OBJC_IMPLICIT_RETAIN_SELF = YES;
				CLANG_WARN_OBJC_LITERAL_CONVERSION = YES;
				CLANG_WARN_OBJC_ROOT_CLASS = YES_ERROR;
				CLANG_WARN_QUOTED_INCLUDE_IN_FRAMEWORK_HEADER = YES;
				CLANG_WARN_RANGE_LOOP_ANALYSIS = YES;
				CLANG_WARN_STRICT_PROTOTYPES = YES;
				CLANG_WARN_SUSPICIOUS_MOVE = YES;
				CLANG_WARN_UNGUARDED_AVAILABILITY = YES_AGGRESSIVE;
				CLANG_WARN_UNREACHABLE_CODE = YES;
				CLANG_WARN__DUPLICATE_METHOD_MATCH = YES;
				COPY_PHASE_STRIP = NO;
				DEBUG_INFORMATION_FORMAT = "dwarf-with-dsym";
				ENABLE_NS_ASSERTIONS = NO;
				ENABLE_STRICT_OBJC_MSGSEND = YES;
				GCC_C_LANGUAGE_STANDARD = gnu11;
				GCC_NO_COMMON_BLOCKS = YES;
				GCC_WARN_64_TO_32_BIT_CONVERSION = YES;
				GCC_WARN_ABOUT_RETURN_TYPE = YES_ERROR;
				GCC_WARN_UNDECLARED_SELECTOR = YES;
				GCC_WARN_UNINITIALIZED_AUTOS = YES_AGGRESSIVE;
				GCC_WARN_UNUSED_FUNCTION = YES;
				GCC_WARN_UNUSED_VARIABLE = YES;
				IPHONEOS_DEPLOYMENT_TARGET = 16.4;
				MTL_ENABLE_DEBUG_INFO = NO;
				MTL_FAST_MATH = YES;
				SDKROOT = iphoneos;
				SWIFT_COMPILATION_MODE = wholemodule;
				SWIFT_OPTIMIZATION_LEVEL = "-O";
				VALIDATE_PRODUCT = YES;
			};
			name = Release;
		};
		24FA97E82A0AFE26005079C9 /* Debug */ = {
			isa = XCBuildConfiguration;
			baseConfigurationReference = 4C278C3E17261B926D46B8B6 /* Pods-NasaWorkday.debug.xcconfig */;
			buildSettings = {
				ASSETCATALOG_COMPILER_APPICON_NAME = AppIcon;
				ASSETCATALOG_COMPILER_GLOBAL_ACCENT_COLOR_NAME = AccentColor;
				CODE_SIGN_STYLE = Automatic;
				CURRENT_PROJECT_VERSION = 1;
				DEVELOPMENT_ASSET_PATHS = "\"NasaWorkday/Preview Content\"";
				ENABLE_PREVIEWS = YES;
				GENERATE_INFOPLIST_FILE = YES;
				INFOPLIST_KEY_UIApplicationSceneManifest_Generation = YES;
				INFOPLIST_KEY_UIApplicationSupportsIndirectInputEvents = YES;
				INFOPLIST_KEY_UILaunchScreen_Generation = YES;
				INFOPLIST_KEY_UISupportedInterfaceOrientations_iPad = "UIInterfaceOrientationPortrait UIInterfaceOrientationPortraitUpsideDown UIInterfaceOrientationLandscapeLeft UIInterfaceOrientationLandscapeRight";
				INFOPLIST_KEY_UISupportedInterfaceOrientations_iPhone = "UIInterfaceOrientationPortrait UIInterfaceOrientationLandscapeLeft UIInterfaceOrientationLandscapeRight";
				LD_RUNPATH_SEARCH_PATHS = (
					"$(inherited)",
					"@executable_path/Frameworks",
				);
				MARKETING_VERSION = 1.0;
				PRODUCT_BUNDLE_IDENTIFIER = com.fernandoBabonoyaba.NasaWorkday;
				PRODUCT_NAME = "$(TARGET_NAME)";
				SWIFT_EMIT_LOC_STRINGS = YES;
				SWIFT_VERSION = 5.0;
				TARGETED_DEVICE_FAMILY = "1,2";
			};
			name = Debug;
		};
		24FA97E92A0AFE26005079C9 /* Release */ = {
			isa = XCBuildConfiguration;
			baseConfigurationReference = 0397129EFB5CDD8323878101 /* Pods-NasaWorkday.release.xcconfig */;
			buildSettings = {
				ASSETCATALOG_COMPILER_APPICON_NAME = AppIcon;
				ASSETCATALOG_COMPILER_GLOBAL_ACCENT_COLOR_NAME = AccentColor;
				CODE_SIGN_STYLE = Automatic;
				CURRENT_PROJECT_VERSION = 1;
				DEVELOPMENT_ASSET_PATHS = "\"NasaWorkday/Preview Content\"";
				ENABLE_PREVIEWS = YES;
				GENERATE_INFOPLIST_FILE = YES;
				INFOPLIST_KEY_UIApplicationSceneManifest_Generation = YES;
				INFOPLIST_KEY_UIApplicationSupportsIndirectInputEvents = YES;
				INFOPLIST_KEY_UILaunchScreen_Generation = YES;
				INFOPLIST_KEY_UISupportedInterfaceOrientations_iPad = "UIInterfaceOrientationPortrait UIInterfaceOrientationPortraitUpsideDown UIInterfaceOrientationLandscapeLeft UIInterfaceOrientationLandscapeRight";
				INFOPLIST_KEY_UISupportedInterfaceOrientations_iPhone = "UIInterfaceOrientationPortrait UIInterfaceOrientationLandscapeLeft UIInterfaceOrientationLandscapeRight";
				LD_RUNPATH_SEARCH_PATHS = (
					"$(inherited)",
					"@executable_path/Frameworks",
				);
				MARKETING_VERSION = 1.0;
				PRODUCT_BUNDLE_IDENTIFIER = com.fernandoBabonoyaba.NasaWorkday;
				PRODUCT_NAME = "$(TARGET_NAME)";
				SWIFT_EMIT_LOC_STRINGS = YES;
				SWIFT_VERSION = 5.0;
				TARGETED_DEVICE_FAMILY = "1,2";
			};
			name = Release;
		};
		24FA97EB2A0AFE26005079C9 /* Debug */ = {
			isa = XCBuildConfiguration;
			baseConfigurationReference = E1406F0D0AB244CE4E03A9E7 /* Pods-NasaWorkdayTests.debug.xcconfig */;
			buildSettings = {
				ALWAYS_EMBED_SWIFT_STANDARD_LIBRARIES = "$(inherited)";
				BUNDLE_LOADER = "$(TEST_HOST)";
				CODE_SIGN_STYLE = Automatic;
				CURRENT_PROJECT_VERSION = 1;
				GENERATE_INFOPLIST_FILE = YES;
				IPHONEOS_DEPLOYMENT_TARGET = 16.4;
				MARKETING_VERSION = 1.0;
				PRODUCT_BUNDLE_IDENTIFIER = com.fernandoBabonoyaba.NasaWorkdayTests;
				PRODUCT_NAME = "$(TARGET_NAME)";
				SWIFT_EMIT_LOC_STRINGS = NO;
				SWIFT_VERSION = 5.0;
				TARGETED_DEVICE_FAMILY = "1,2";
				TEST_HOST = "$(BUILT_PRODUCTS_DIR)/NasaWorkday.app/$(BUNDLE_EXECUTABLE_FOLDER_PATH)/NasaWorkday";
			};
			name = Debug;
		};
		24FA97EC2A0AFE26005079C9 /* Release */ = {
			isa = XCBuildConfiguration;
			baseConfigurationReference = 3C4664708900E9BAC05D4813 /* Pods-NasaWorkdayTests.release.xcconfig */;
			buildSettings = {
				ALWAYS_EMBED_SWIFT_STANDARD_LIBRARIES = "$(inherited)";
				BUNDLE_LOADER = "$(TEST_HOST)";
				CODE_SIGN_STYLE = Automatic;
				CURRENT_PROJECT_VERSION = 1;
				GENERATE_INFOPLIST_FILE = YES;
				IPHONEOS_DEPLOYMENT_TARGET = 16.4;
				MARKETING_VERSION = 1.0;
				PRODUCT_BUNDLE_IDENTIFIER = com.fernandoBabonoyaba.NasaWorkdayTests;
				PRODUCT_NAME = "$(TARGET_NAME)";
				SWIFT_EMIT_LOC_STRINGS = NO;
				SWIFT_VERSION = 5.0;
				TARGETED_DEVICE_FAMILY = "1,2";
				TEST_HOST = "$(BUILT_PRODUCTS_DIR)/NasaWorkday.app/$(BUNDLE_EXECUTABLE_FOLDER_PATH)/NasaWorkday";
			};
			name = Release;
		};
		24FA97EE2A0AFE26005079C9 /* Debug */ = {
			isa = XCBuildConfiguration;
			baseConfigurationReference = ABCFA15C59B4FD5C0EC89CFF /* Pods-NasaWorkday-NasaWorkdayUITests.debug.xcconfig */;
			buildSettings = {
				ALWAYS_EMBED_SWIFT_STANDARD_LIBRARIES = "$(inherited)";
				CODE_SIGN_STYLE = Automatic;
				CURRENT_PROJECT_VERSION = 1;
				GENERATE_INFOPLIST_FILE = YES;
				MARKETING_VERSION = 1.0;
				PRODUCT_BUNDLE_IDENTIFIER = com.fernandoBabonoyaba.NasaWorkdayUITests;
				PRODUCT_NAME = "$(TARGET_NAME)";
				SWIFT_EMIT_LOC_STRINGS = NO;
				SWIFT_VERSION = 5.0;
				TARGETED_DEVICE_FAMILY = "1,2";
				TEST_TARGET_NAME = NasaWorkday;
			};
			name = Debug;
		};
		24FA97EF2A0AFE26005079C9 /* Release */ = {
			isa = XCBuildConfiguration;
			baseConfigurationReference = 8BB735692A7E981A5DD75691 /* Pods-NasaWorkday-NasaWorkdayUITests.release.xcconfig */;
			buildSettings = {
				ALWAYS_EMBED_SWIFT_STANDARD_LIBRARIES = "$(inherited)";
				CODE_SIGN_STYLE = Automatic;
				CURRENT_PROJECT_VERSION = 1;
				GENERATE_INFOPLIST_FILE = YES;
				MARKETING_VERSION = 1.0;
				PRODUCT_BUNDLE_IDENTIFIER = com.fernandoBabonoyaba.NasaWorkdayUITests;
				PRODUCT_NAME = "$(TARGET_NAME)";
				SWIFT_EMIT_LOC_STRINGS = NO;
				SWIFT_VERSION = 5.0;
				TARGETED_DEVICE_FAMILY = "1,2";
				TEST_TARGET_NAME = NasaWorkday;
			};
			name = Release;
		};
/* End XCBuildConfiguration section */

/* Begin XCConfigurationList section */
		24FA97BE2A0AFE24005079C9 /* Build configuration list for PBXProject "NasaWorkday" */ = {
			isa = XCConfigurationList;
			buildConfigurations = (
				24FA97E52A0AFE26005079C9 /* Debug */,
				24FA97E62A0AFE26005079C9 /* Release */,
			);
			defaultConfigurationIsVisible = 0;
			defaultConfigurationName = Release;
		};
		24FA97E72A0AFE26005079C9 /* Build configuration list for PBXNativeTarget "NasaWorkday" */ = {
			isa = XCConfigurationList;
			buildConfigurations = (
				24FA97E82A0AFE26005079C9 /* Debug */,
				24FA97E92A0AFE26005079C9 /* Release */,
			);
			defaultConfigurationIsVisible = 0;
			defaultConfigurationName = Release;
		};
		24FA97EA2A0AFE26005079C9 /* Build configuration list for PBXNativeTarget "NasaWorkdayTests" */ = {
			isa = XCConfigurationList;
			buildConfigurations = (
				24FA97EB2A0AFE26005079C9 /* Debug */,
				24FA97EC2A0AFE26005079C9 /* Release */,
			);
			defaultConfigurationIsVisible = 0;
			defaultConfigurationName = Release;
		};
		24FA97ED2A0AFE26005079C9 /* Build configuration list for PBXNativeTarget "NasaWorkdayUITests" */ = {
			isa = XCConfigurationList;
			buildConfigurations = (
				24FA97EE2A0AFE26005079C9 /* Debug */,
				24FA97EF2A0AFE26005079C9 /* Release */,
			);
			defaultConfigurationIsVisible = 0;
			defaultConfigurationName = Release;
		};
/* End XCConfigurationList section */
	};
	rootObject = 24FA97BB2A0AFE24005079C9 /* Project object */;
}
